# This file is automatically @generated by Cargo.
# It is not intended for manual editing.
version = 3

[[package]]
name = "pz-cli"
version = "0.1.0"
dependencies = [
 "pz-core",
]

[[package]]
name = "pz-core"
version = "0.1.0"
dependencies = [
 "pz-fec",
 "pz-fountain",
 "pz-vision",
]

[[package]]
name = "pz-fec"
version = "0.1.0"

[[package]]
name = "pz-fountain"
version = "0.1.0"

[[package]]
name = "pz-vision"
version = "0.1.0"
